
Microsoft Visual Studio Solution File, Format Version 12.00
# Visual Studio Version 17
VisualStudioVersion = 17.0.31521.260
MinimumVisualStudioVersion = 10.0.40219.1
Project("{FAE04EC0-301F-11D3-BF4B-00C04F79EFBC}") = "Validations1", "Validations1\Validations1.csproj", "{914BE5A1-6E80-41EB-A15D-365E125B96AF}"
EndProject
Global
	GlobalSection(SolutionConfigurationPlatforms) = preSolution
		Debug|Any CPU = Debug|Any CPU
		Release|Any CPU = Release|Any CPU
	EndGlobalSection
	GlobalSection(ProjectConfigurationPlatforms) = postSolution
		{914BE5A1-6E80-41EB-A15D-365E125B96AF}.Debug|Any CPU.ActiveCfg = Debug|Any CPU
		{914BE5A1-6E80-41EB-A15D-365E125B96AF}.Debug|Any CPU.Build.0 = Debug|Any CPU
		{914BE5A1-6E80-41EB-A15D-365E125B96AF}.Release|Any CPU.ActiveCfg = Release|Any CPU
		{914BE5A1-6E80-41EB-A15D-365E125B96AF}.Release|Any CPU.Build.0 = Release|Any CPU
	EndGlobalSection
	GlobalSection(SolutionProperties) = preSolution
		HideSolutionNode = FALSE
	EndGlobalSection
	GlobalSection(ExtensibilityGlobals) = postSolution
		SolutionGuid = {4244E76A-7C84-410E-A3B2-4C33EE62FCBA}
	EndGlobalSection
EndGlobal
